
Microsoft Visual Studio Solution File, Format Version 12.00
# Visual Studio Version 16
VisualStudioVersion = 16.0.31515.178
MinimumVisualStudioVersion = 10.0.40219.1
Project("{FAE04EC0-301F-11D3-BF4B-00C04F79EFBC}") = "LightweightAbp", "LightweightAbp\LightweightAbp.csproj", "{8AAB5A01-C17B-4762-B0EC-2C5944FDBBFB}"
EndProject
Global
	GlobalSection(SolutionConfigurationPlatforms) = preSolution
		Debug|Any CPU = Debug|Any CPU
		Release|Any CPU = Release|Any CPU
	EndGlobalSection
	GlobalSection(ProjectConfigurationPlatforms) = postSolution
		{8AAB5A01-C17B-4762-B0EC-2C5944FDBBFB}.Debug|Any CPU.ActiveCfg = Debug|Any CPU
		{8AAB5A01-C17B-4762-B0EC-2C5944FDBBFB}.Debug|Any CPU.Build.0 = Debug|Any CPU
		{8AAB5A01-C17B-4762-B0EC-2C5944FDBBFB}.Release|Any CPU.ActiveCfg = Release|Any CPU
		{8AAB5A01-C17B-4762-B0EC-2C5944FDBBFB}.Release|Any CPU.Build.0 = Release|Any CPU
	EndGlobalSection
	GlobalSection(SolutionProperties) = preSolution
		HideSolutionNode = FALSE
	EndGlobalSection
	GlobalSection(ExtensibilityGlobals) = postSolution
		SolutionGuid = {59A5F736-81E9-47CC-8642-D55CAA56A765}
	EndGlobalSection
EndGlobal
